
Microsoft Visual Studio Solution File, Format Version 12.00
# Visual Studio 2013
VisualStudioVersion = 12.0.31101.0
MinimumVisualStudioVersion = 10.0.40219.1
Project("{FAE04EC0-301F-11D3-BF4B-00C04F79EFBC}") = "AoMEngineLibrary", "AoMEngineLibrary\AoMEngineLibrary.csproj", "{6DBC106C-7292-4872-A41A-EB7CEEEF0092}"
EndProject
Project("{FAE04EC0-301F-11D3-BF4B-00C04F79EFBC}") = "AoMPrtConverter", "..\AoMPrtConverter\AoMPrtConverter\AoMPrtConverter.csproj", "{8D7F764E-74F9-4AB0-AB09-299511BD5517}"
EndProject
Global
	GlobalSection(SolutionConfigurationPlatforms) = preSolution
		Debug|Any CPU = Debug|Any CPU
		Debug|Mixed Platforms = Debug|Mixed Platforms
		Debug|x64 = Debug|x64
		Release|Any CPU = Release|Any CPU
		Release|Mixed Platforms = Release|Mixed Platforms
		Release|x64 = Release|x64
	EndGlobalSection
	GlobalSection(ProjectConfigurationPlatforms) = postSolution
		{6DBC106C-7292-4872-A41A-EB7CEEEF0092}.Debug|Any CPU.ActiveCfg = Debug|Any CPU
		{6DBC106C-7292-4872-A41A-EB7CEEEF0092}.Debug|Any CPU.Build.0 = Debug|Any CPU
		{6DBC106C-7292-4872-A41A-EB7CEEEF0092}.Debug|Mixed Platforms.ActiveCfg = Debug|Any CPU
		{6DBC106C-7292-4872-A41A-EB7CEEEF0092}.Debug|Mixed Platforms.Build.0 = Debug|Any CPU
		{6DBC106C-7292-4872-A41A-EB7CEEEF0092}.Debug|x64.ActiveCfg = Debug|Any CPU
		{6DBC106C-7292-4872-A41A-EB7CEEEF0092}.Release|Any CPU.ActiveCfg = Release|Any CPU
		{6DBC106C-7292-4872-A41A-EB7CEEEF0092}.Release|Any CPU.Build.0 = Release|Any CPU
		{6DBC106C-7292-4872-A41A-EB7CEEEF0092}.Release|Mixed Platforms.ActiveCfg = Release|Any CPU
		{6DBC106C-7292-4872-A41A-EB7CEEEF0092}.Release|Mixed Platforms.Build.0 = Release|Any CPU
		{6DBC106C-7292-4872-A41A-EB7CEEEF0092}.Release|x64.ActiveCfg = Release|Any CPU
		{8D7F764E-74F9-4AB0-AB09-299511BD5517}.Debug|Any CPU.ActiveCfg = Debug|Any CPU
		{8D7F764E-74F9-4AB0-AB09-299511BD5517}.Debug|Any CPU.Build.0 = Debug|Any CPU
		{8D7F764E-74F9-4AB0-AB09-299511BD5517}.Debug|Mixed Platforms.ActiveCfg = Debug|Any CPU
		{8D7F764E-74F9-4AB0-AB09-299511BD5517}.Debug|Mixed Platforms.Build.0 = Debug|Any CPU
		{8D7F764E-74F9-4AB0-AB09-299511BD5517}.Debug|x64.ActiveCfg = Debug|Any CPU
		{8D7F764E-74F9-4AB0-AB09-299511BD5517}.Release|Any CPU.ActiveCfg = Release|Any CPU
		{8D7F764E-74F9-4AB0-AB09-299511BD5517}.Release|Any CPU.Build.0 = Release|Any CPU
		{8D7F764E-74F9-4AB0-AB09-299511BD5517}.Release|Mixed Platforms.ActiveCfg = Release|Any CPU
		{8D7F764E-74F9-4AB0-AB09-299511BD5517}.Release|Mixed Platforms.Build.0 = Release|Any CPU
		{8D7F764E-74F9-4AB0-AB09-299511BD5517}.Release|x64.ActiveCfg = Release|Any CPU
	EndGlobalSection
	GlobalSection(SolutionProperties) = preSolution
		HideSolutionNode = FALSE
	EndGlobalSection
EndGlobal
