
Microsoft Visual Studio Solution File, Format Version 12.00
# Visual Studio 14
VisualStudioVersion = 14.0.25420.1
MinimumVisualStudioVersion = 10.0.40219.1
Project("{FAE04EC0-301F-11D3-BF4B-00C04F79EFBC}") = "AoMEngineLibrary", "AoMEngineLibrary\AoMEngineLibrary.csproj", "{6DBC106C-7292-4872-A41A-EB7CEEEF0092}"
EndProject
Project("{FAE04EC0-301F-11D3-BF4B-00C04F79EFBC}") = "AoMBrgEditor", "..\AoMBrgEditor\AoMBrgEditor\AoMBrgEditor.csproj", "{3B38591C-D355-4124-BBE7-C6098E01B2C8}"
EndProject
Project("{FAE04EC0-301F-11D3-BF4B-00C04F79EFBC}") = "AoMModelEditor", "..\AoMModelEditor\AoMModelEditor.csproj", "{EC51EA7A-608B-4B38-8A32-2CF6A0451ABE}"
EndProject
Project("{FAE04EC0-301F-11D3-BF4B-00C04F79EFBC}") = "AoMDdtConverter", "..\AoMDdtConverter\AoMDdtConverter.csproj", "{32B582DC-0BEA-4097-8E20-33A245AE1F0D}"
EndProject
Project("{FAE04EC0-301F-11D3-BF4B-00C04F79EFBC}") = "AoMFileConverter", "..\AoMFileConverter\AoMFileConverter\AoMFileConverter.csproj", "{0E2B3BB5-4214-4CF8-AC33-5D3A9CCE873E}"
EndProject
Project("{FAE04EC0-301F-11D3-BF4B-00C04F79EFBC}") = "AoMModelViewer", "..\AoMModelViewer\AoMModelViewer\AoMModelViewer.csproj", "{AE07071C-73AA-4EC4-A899-D0375D0BD130}"
EndProject
Global
	GlobalSection(SolutionConfigurationPlatforms) = preSolution
		Debug|Any CPU = Debug|Any CPU
		Debug|Mixed Platforms = Debug|Mixed Platforms
		Debug|x64 = Debug|x64
		Release|Any CPU = Release|Any CPU
		Release|Mixed Platforms = Release|Mixed Platforms
		Release|x64 = Release|x64
	EndGlobalSection
	GlobalSection(ProjectConfigurationPlatforms) = postSolution
		{6DBC106C-7292-4872-A41A-EB7CEEEF0092}.Debug|Any CPU.ActiveCfg = Debug|Any CPU
		{6DBC106C-7292-4872-A41A-EB7CEEEF0092}.Debug|Any CPU.Build.0 = Debug|Any CPU
		{6DBC106C-7292-4872-A41A-EB7CEEEF0092}.Debug|Mixed Platforms.ActiveCfg = Debug|Any CPU
		{6DBC106C-7292-4872-A41A-EB7CEEEF0092}.Debug|Mixed Platforms.Build.0 = Debug|Any CPU
		{6DBC106C-7292-4872-A41A-EB7CEEEF0092}.Debug|x64.ActiveCfg = Debug|Any CPU
		{6DBC106C-7292-4872-A41A-EB7CEEEF0092}.Release|Any CPU.ActiveCfg = Release|Any CPU
		{6DBC106C-7292-4872-A41A-EB7CEEEF0092}.Release|Any CPU.Build.0 = Release|Any CPU
		{6DBC106C-7292-4872-A41A-EB7CEEEF0092}.Release|Mixed Platforms.ActiveCfg = Release|Any CPU
		{6DBC106C-7292-4872-A41A-EB7CEEEF0092}.Release|Mixed Platforms.Build.0 = Release|Any CPU
		{6DBC106C-7292-4872-A41A-EB7CEEEF0092}.Release|x64.ActiveCfg = Release|Any CPU
		{3B38591C-D355-4124-BBE7-C6098E01B2C8}.Debug|Any CPU.ActiveCfg = Debug|Any CPU
		{3B38591C-D355-4124-BBE7-C6098E01B2C8}.Debug|Any CPU.Build.0 = Debug|Any CPU
		{3B38591C-D355-4124-BBE7-C6098E01B2C8}.Debug|Mixed Platforms.ActiveCfg = Debug|Any CPU
		{3B38591C-D355-4124-BBE7-C6098E01B2C8}.Debug|Mixed Platforms.Build.0 = Debug|Any CPU
		{3B38591C-D355-4124-BBE7-C6098E01B2C8}.Debug|x64.ActiveCfg = Debug|Any CPU
		{3B38591C-D355-4124-BBE7-C6098E01B2C8}.Release|Any CPU.ActiveCfg = Release|Any CPU
		{3B38591C-D355-4124-BBE7-C6098E01B2C8}.Release|Any CPU.Build.0 = Release|Any CPU
		{3B38591C-D355-4124-BBE7-C6098E01B2C8}.Release|Mixed Platforms.ActiveCfg = Release|Any CPU
		{3B38591C-D355-4124-BBE7-C6098E01B2C8}.Release|Mixed Platforms.Build.0 = Release|Any CPU
		{3B38591C-D355-4124-BBE7-C6098E01B2C8}.Release|x64.ActiveCfg = Release|Any CPU
		{EC51EA7A-608B-4B38-8A32-2CF6A0451ABE}.Debug|Any CPU.ActiveCfg = Debug|Any CPU
		{EC51EA7A-608B-4B38-8A32-2CF6A0451ABE}.Debug|Any CPU.Build.0 = Debug|Any CPU
		{EC51EA7A-608B-4B38-8A32-2CF6A0451ABE}.Debug|Mixed Platforms.ActiveCfg = Debug|Any CPU
		{EC51EA7A-608B-4B38-8A32-2CF6A0451ABE}.Debug|Mixed Platforms.Build.0 = Debug|Any CPU
		{EC51EA7A-608B-4B38-8A32-2CF6A0451ABE}.Debug|x64.ActiveCfg = Debug|Any CPU
		{EC51EA7A-608B-4B38-8A32-2CF6A0451ABE}.Release|Any CPU.ActiveCfg = Release|Any CPU
		{EC51EA7A-608B-4B38-8A32-2CF6A0451ABE}.Release|Any CPU.Build.0 = Release|Any CPU
		{EC51EA7A-608B-4B38-8A32-2CF6A0451ABE}.Release|Mixed Platforms.ActiveCfg = Release|Any CPU
		{EC51EA7A-608B-4B38-8A32-2CF6A0451ABE}.Release|Mixed Platforms.Build.0 = Release|Any CPU
		{EC51EA7A-608B-4B38-8A32-2CF6A0451ABE}.Release|x64.ActiveCfg = Release|Any CPU
		{32B582DC-0BEA-4097-8E20-33A245AE1F0D}.Debug|Any CPU.ActiveCfg = Debug|Any CPU
		{32B582DC-0BEA-4097-8E20-33A245AE1F0D}.Debug|Any CPU.Build.0 = Debug|Any CPU
		{32B582DC-0BEA-4097-8E20-33A245AE1F0D}.Debug|Mixed Platforms.ActiveCfg = Debug|Any CPU
		{32B582DC-0BEA-4097-8E20-33A245AE1F0D}.Debug|Mixed Platforms.Build.0 = Debug|Any CPU
		{32B582DC-0BEA-4097-8E20-33A245AE1F0D}.Debug|x64.ActiveCfg = Debug|Any CPU
		{32B582DC-0BEA-4097-8E20-33A245AE1F0D}.Release|Any CPU.ActiveCfg = Release|Any CPU
		{32B582DC-0BEA-4097-8E20-33A245AE1F0D}.Release|Any CPU.Build.0 = Release|Any CPU
		{32B582DC-0BEA-4097-8E20-33A245AE1F0D}.Release|Mixed Platforms.ActiveCfg = Release|Any CPU
		{32B582DC-0BEA-4097-8E20-33A245AE1F0D}.Release|Mixed Platforms.Build.0 = Release|Any CPU
		{32B582DC-0BEA-4097-8E20-33A245AE1F0D}.Release|x64.ActiveCfg = Release|Any CPU
		{0E2B3BB5-4214-4CF8-AC33-5D3A9CCE873E}.Debug|Any CPU.ActiveCfg = Debug|Any CPU
		{0E2B3BB5-4214-4CF8-AC33-5D3A9CCE873E}.Debug|Any CPU.Build.0 = Debug|Any CPU
		{0E2B3BB5-4214-4CF8-AC33-5D3A9CCE873E}.Debug|Mixed Platforms.ActiveCfg = Debug|Any CPU
		{0E2B3BB5-4214-4CF8-AC33-5D3A9CCE873E}.Debug|Mixed Platforms.Build.0 = Debug|Any CPU
		{0E2B3BB5-4214-4CF8-AC33-5D3A9CCE873E}.Debug|x64.ActiveCfg = Debug|Any CPU
		{0E2B3BB5-4214-4CF8-AC33-5D3A9CCE873E}.Debug|x64.Build.0 = Debug|Any CPU
		{0E2B3BB5-4214-4CF8-AC33-5D3A9CCE873E}.Release|Any CPU.ActiveCfg = Release|Any CPU
		{0E2B3BB5-4214-4CF8-AC33-5D3A9CCE873E}.Release|Any CPU.Build.0 = Release|Any CPU
		{0E2B3BB5-4214-4CF8-AC33-5D3A9CCE873E}.Release|Mixed Platforms.ActiveCfg = Release|Any CPU
		{0E2B3BB5-4214-4CF8-AC33-5D3A9CCE873E}.Release|Mixed Platforms.Build.0 = Release|Any CPU
		{0E2B3BB5-4214-4CF8-AC33-5D3A9CCE873E}.Release|x64.ActiveCfg = Release|Any CPU
		{0E2B3BB5-4214-4CF8-AC33-5D3A9CCE873E}.Release|x64.Build.0 = Release|Any CPU
		{AE07071C-73AA-4EC4-A899-D0375D0BD130}.Debug|Any CPU.ActiveCfg = Debug|Any CPU
		{AE07071C-73AA-4EC4-A899-D0375D0BD130}.Debug|Any CPU.Build.0 = Debug|Any CPU
		{AE07071C-73AA-4EC4-A899-D0375D0BD130}.Debug|Mixed Platforms.ActiveCfg = Debug|Any CPU
		{AE07071C-73AA-4EC4-A899-D0375D0BD130}.Debug|Mixed Platforms.Build.0 = Debug|Any CPU
		{AE07071C-73AA-4EC4-A899-D0375D0BD130}.Debug|x64.ActiveCfg = Debug|Any CPU
		{AE07071C-73AA-4EC4-A899-D0375D0BD130}.Debug|x64.Build.0 = Debug|Any CPU
		{AE07071C-73AA-4EC4-A899-D0375D0BD130}.Release|Any CPU.ActiveCfg = Release|Any CPU
		{AE07071C-73AA-4EC4-A899-D0375D0BD130}.Release|Any CPU.Build.0 = Release|Any CPU
		{AE07071C-73AA-4EC4-A899-D0375D0BD130}.Release|Mixed Platforms.ActiveCfg = Release|Any CPU
		{AE07071C-73AA-4EC4-A899-D0375D0BD130}.Release|Mixed Platforms.Build.0 = Release|Any CPU
		{AE07071C-73AA-4EC4-A899-D0375D0BD130}.Release|x64.ActiveCfg = Release|Any CPU
		{AE07071C-73AA-4EC4-A899-D0375D0BD130}.Release|x64.Build.0 = Release|Any CPU
	EndGlobalSection
	GlobalSection(SolutionProperties) = preSolution
		HideSolutionNode = FALSE
	EndGlobalSection
EndGlobal
